<?xml version="1.0" encoding="utf-8"?>
<Project ToolsVersion="4.0" xmlns="http://schemas.microsoft.com/developer/msbuild/2003">
  <ItemGroup>
    <Filter Include="소스 파일">
      <UniqueIdentifier>{4FC737F1-C7A5-4376-A066-2A32D752A2FF}</UniqueIdentifier>
      <Extensions>cpp;c;cc;cxx;c++;cppm;ixx;def;odl;idl;hpj;bat;asm;asmx</Extensions>
    </Filter>
    <Filter Include="헤더 파일">
      <UniqueIdentifier>{93995380-89BD-4b04-88EB-625FBE52EBFB}</UniqueIdentifier>
      <Extensions>h;hh;hpp;hxx;h++;hm;inl;inc;ipp;xsd</Extensions>
    </Filter>
    <Filter Include="리소스 파일">
      <UniqueIdentifier>{67DA6AB6-F800-4c08-8B7A-83BB121AAD01}</UniqueIdentifier>
      <Extensions>rc;ico;cur;bmp;dlg;rc2;rct;bin;rgs;gif;jpg;jpeg;jpe;resx;tiff;tif;png;wav;mfcribbon-ms</Extensions>
    </Filter>
    <Filter Include="헤더 파일\Keyboard">
      <UniqueIdentifier>{99ef4d7f-ae60-4f76-b3ea-0d04c5ad12d2}</UniqueIdentifier>
    </Filter>
    <Filter Include="소스 파일\Keyboard">
      <UniqueIdentifier>{6b29d4b6-5543-45a7-917d-7d8f6ed95c12}</UniqueIdentifier>
    </Filter>
    <Filter Include="소스 파일\Mouse">
      <UniqueIdentifier>{ebb893bc-998d-40c1-a1ae-4100b5eb8859}</UniqueIdentifier>
    </Filter>
    <Filter Include="헤더 파일\Mouse">
      <UniqueIdentifier>{9fb77e1c-4519-415b-a411-376f0861616b}</UniqueIdentifier>
    </Filter>
    <Filter Include="헤더 파일\Graphics">
      <UniqueIdentifier>{79772368-24ae-4a07-b5f9-6b8b14560a58}</UniqueIdentifier>
    </Filter>
    <Filter Include="소스 파일\Graphics">
      <UniqueIdentifier>{436a616a-db46-48c1-81c1-fc66682821a5}</UniqueIdentifier>
    </Filter>
    <Filter Include="소스 파일\Graphics\ImGui">
      <UniqueIdentifier>{65de2cf8-c16f-4cba-9423-116a9083f7bf}</UniqueIdentifier>
    </Filter>
    <Filter Include="헤더 파일\Graphics\ImGui">
      <UniqueIdentifier>{09572266-c173-47d4-888a-e2b082f4a055}</UniqueIdentifier>
    </Filter>
  </ItemGroup>
  <ItemGroup>
    <ClCompile Include="Source.cpp">
      <Filter>소스 파일</Filter>
    </ClCompile>
    <ClCompile Include="StringConverter.cpp">
      <Filter>소스 파일</Filter>
    </ClCompile>
    <ClCompile Include="ErrorLogger.cpp">
      <Filter>소스 파일</Filter>
    </ClCompile>
    <ClCompile Include="RenderWindow.cpp">
      <Filter>소스 파일</Filter>
    </ClCompile>
    <ClCompile Include="Engine.cpp">
      <Filter>소스 파일</Filter>
    </ClCompile>
    <ClCompile Include="WindowContainer.cpp">
      <Filter>소스 파일</Filter>
    </ClCompile>
    <ClCompile Include="Keyboard\KeyboardClass.cpp">
      <Filter>소스 파일\Keyboard</Filter>
    </ClCompile>
    <ClCompile Include="Keyboard\KeyboardEvent.cpp">
      <Filter>소스 파일\Keyboard</Filter>
    </ClCompile>
    <ClCompile Include="Mouse\MouseClass.cpp">
      <Filter>소스 파일\Mouse</Filter>
    </ClCompile>
    <ClCompile Include="Mouse\MouseEvent.cpp">
      <Filter>소스 파일\Mouse</Filter>
    </ClCompile>
    <ClCompile Include="Graphics\Graphics.cpp">
      <Filter>소스 파일\Graphics</Filter>
    </ClCompile>
    <ClCompile Include="Graphics\AdapterReader.cpp">
      <Filter>소스 파일\Graphics</Filter>
    </ClCompile>
    <ClCompile Include="Graphics\Shaders.cpp">
      <Filter>소스 파일\Graphics</Filter>
    </ClCompile>
    <ClCompile Include="Graphics\Camera.cpp">
      <Filter>소스 파일\Graphics</Filter>
    </ClCompile>
    <ClCompile Include="Timer.cpp">
      <Filter>소스 파일</Filter>
    </ClCompile>
    <ClCompile Include="Graphics\ImGui\imgui.cpp">
      <Filter>소스 파일\Graphics\ImGui</Filter>
    </ClCompile>
    <ClCompile Include="Graphics\ImGui\imgui_draw.cpp">
      <Filter>소스 파일\Graphics\ImGui</Filter>
    </ClCompile>
    <ClCompile Include="Graphics\ImGui\imgui_impl_dx11.cpp">
      <Filter>소스 파일\Graphics\ImGui</Filter>
    </ClCompile>
    <ClCompile Include="Graphics\ImGui\imgui_impl_win32.cpp">
      <Filter>소스 파일\Graphics\ImGui</Filter>
    </ClCompile>
    <ClCompile Include="Graphics\ImGui\imgui_tables.cpp">
      <Filter>소스 파일\Graphics\ImGui</Filter>
    </ClCompile>
    <ClCompile Include="Graphics\ImGui\imgui_widgets.cpp">
      <Filter>소스 파일\Graphics\ImGui</Filter>
    </ClCompile>
    <ClCompile Include="Graphics\Model.cpp">
      <Filter>소스 파일\Graphics</Filter>
    </ClCompile>
    <ClCompile Include="Graphics\Mesh.cpp">
      <Filter>소스 파일\Graphics</Filter>
    </ClCompile>
    <ClCompile Include="Graphics\GameObject.cpp">
      <Filter>소스 파일\Graphics</Filter>
    </ClCompile>
    <ClCompile Include="Graphics\Color.cpp">
      <Filter>소스 파일\Graphics</Filter>
    </ClCompile>
    <ClCompile Include="Graphics\Texture.cpp">
      <Filter>소스 파일\Graphics</Filter>
    </ClCompile>
  </ItemGroup>
  <ItemGroup>
    <ClInclude Include="StringConverter.h">
      <Filter>헤더 파일</Filter>
    </ClInclude>
    <ClInclude Include="ErrorLogger.h">
      <Filter>헤더 파일</Filter>
    </ClInclude>
    <ClInclude Include="RenderWindow.h">
      <Filter>헤더 파일</Filter>
    </ClInclude>
    <ClInclude Include="Engine.h">
      <Filter>헤더 파일</Filter>
    </ClInclude>
    <ClInclude Include="WindowContainer.h">
      <Filter>헤더 파일</Filter>
    </ClInclude>
    <ClInclude Include="Keyboard\KeyboardClass.h">
      <Filter>헤더 파일\Keyboard</Filter>
    </ClInclude>
    <ClInclude Include="Keyboard\KeyboardEvent.h">
      <Filter>헤더 파일\Keyboard</Filter>
    </ClInclude>
    <ClInclude Include="Mouse\MouseClass.h">
      <Filter>헤더 파일\Mouse</Filter>
    </ClInclude>
    <ClInclude Include="Mouse\MouseEvent.h">
      <Filter>헤더 파일\Mouse</Filter>
    </ClInclude>
    <ClInclude Include="Graphics\Graphics.h">
      <Filter>헤더 파일\Graphics</Filter>
    </ClInclude>
    <ClInclude Include="Graphics\AdapterReader.h">
      <Filter>헤더 파일\Graphics</Filter>
    </ClInclude>
    <ClInclude Include="Graphics\Vertex.h">
      <Filter>헤더 파일\Graphics</Filter>
    </ClInclude>
    <ClInclude Include="Graphics\Shaders.h">
      <Filter>헤더 파일\Graphics</Filter>
    </ClInclude>
    <ClInclude Include="Graphics\VertexBuffer.h">
      <Filter>헤더 파일\Graphics</Filter>
    </ClInclude>
    <ClInclude Include="Graphics\IndexBuffer.h">
      <Filter>헤더 파일\Graphics</Filter>
    </ClInclude>
    <ClInclude Include="Graphics\ConstantBufferTypes.h">
      <Filter>헤더 파일\Graphics</Filter>
    </ClInclude>
    <ClInclude Include="Graphics\ConstantBuffer.h">
      <Filter>헤더 파일\Graphics</Filter>
    </ClInclude>
    <ClInclude Include="Graphics\Camera.h">
      <Filter>헤더 파일\Graphics</Filter>
    </ClInclude>
    <ClInclude Include="Timer.h">
      <Filter>헤더 파일</Filter>
    </ClInclude>
    <ClInclude Include="Graphics\ImGui\imconfig.h">
      <Filter>헤더 파일\Graphics\ImGui</Filter>
    </ClInclude>
    <ClInclude Include="Graphics\ImGui\imgui.h">
      <Filter>헤더 파일\Graphics\ImGui</Filter>
    </ClInclude>
    <ClInclude Include="Graphics\ImGui\imgui_impl_dx11.h">
      <Filter>헤더 파일\Graphics\ImGui</Filter>
    </ClInclude>
    <ClInclude Include="Graphics\ImGui\imgui_impl_win32.h">
      <Filter>헤더 파일\Graphics\ImGui</Filter>
    </ClInclude>
    <ClInclude Include="Graphics\ImGui\imgui_internal.h">
      <Filter>헤더 파일\Graphics\ImGui</Filter>
    </ClInclude>
    <ClInclude Include="Graphics\ImGui\imstb_rectpack.h">
      <Filter>헤더 파일\Graphics\ImGui</Filter>
    </ClInclude>
    <ClInclude Include="Graphics\ImGui\imstb_textedit.h">
      <Filter>헤더 파일\Graphics\ImGui</Filter>
    </ClInclude>
    <ClInclude Include="Graphics\ImGui\imstb_truetype.h">
      <Filter>헤더 파일\Graphics\ImGui</Filter>
    </ClInclude>
    <ClInclude Include="COMException.h">
      <Filter>헤더 파일</Filter>
    </ClInclude>
    <ClInclude Include="Graphics\Model.h">
      <Filter>헤더 파일\Graphics</Filter>
    </ClInclude>
    <ClInclude Include="Graphics\Mesh.h">
      <Filter>헤더 파일\Graphics</Filter>
    </ClInclude>
    <ClInclude Include="Graphics\GameObject.h">
      <Filter>헤더 파일\Graphics</Filter>
    </ClInclude>
    <ClInclude Include="Graphics\Color.h">
      <Filter>헤더 파일\Graphics</Filter>
    </ClInclude>
    <ClInclude Include="Graphics\Texture.h">
      <Filter>헤더 파일\Graphics</Filter>
    </ClInclude>
  </ItemGroup>
  <ItemGroup>
    <FxCompile Include="vertexshader.hlsl">
      <Filter>리소스 파일</Filter>
    </FxCompile>
    <FxCompile Include="pixelshader.hlsl">
      <Filter>리소스 파일</Filter>
    </FxCompile>
  </ItemGroup>
</Project>